
Microsoft Visual Studio Solution File, Format Version 12.00
# Visual Studio Version 17
VisualStudioVersion = 17.7.34024.191
MinimumVisualStudioVersion = 10.0.40219.1
Project("{9A19103F-16F7-4668-BE54-9A1E7A4F7556}") = "interface_abstract_class", "interface_abstract_class\interface_abstract_class.csproj", "{3A1DB344-2B64-49C9-A1A3-4C9D5EE4A860}"
EndProject
Global
	GlobalSection(SolutionConfigurationPlatforms) = preSolution
		Debug|Any CPU = Debug|Any CPU
		Release|Any CPU = Release|Any CPU
	EndGlobalSection
	GlobalSection(ProjectConfigurationPlatforms) = postSolution
		{3A1DB344-2B64-49C9-A1A3-4C9D5EE4A860}.Debug|Any CPU.ActiveCfg = Debug|Any CPU
		{3A1DB344-2B64-49C9-A1A3-4C9D5EE4A860}.Debug|Any CPU.Build.0 = Debug|Any CPU
		{3A1DB344-2B64-49C9-A1A3-4C9D5EE4A860}.Release|Any CPU.ActiveCfg = Release|Any CPU
		{3A1DB344-2B64-49C9-A1A3-4C9D5EE4A860}.Release|Any CPU.Build.0 = Release|Any CPU
	EndGlobalSection
	GlobalSection(SolutionProperties) = preSolution
		HideSolutionNode = FALSE
	EndGlobalSection
	GlobalSection(ExtensibilityGlobals) = postSolution
		SolutionGuid = {C09D91AB-C90F-4079-A2B7-8B589B066EFE}
	EndGlobalSection
EndGlobal
